
Microsoft Visual Studio Solution File, Format Version 12.00
# Visual Studio Version 17
VisualStudioVersion = 17.0.31912.275
MinimumVisualStudioVersion = 10.0.40219.1
Project("{2150E333-8FDC-42A3-9474-1A3956D46DE8}") = "documentation", "documentation", "{939D3FC4-337A-4276-8526-1515A013FD59}"
EndProject
Project("{2150E333-8FDC-42A3-9474-1A3956D46DE8}") = "Solution Items", "Solution Items", "{B27DB8C7-AA0D-4601-B0D0-955BD893E724}"
	ProjectSection(SolutionItems) = preProject
		.gitignore = .gitignore
		README.md = README.md
	EndProjectSection
EndProject
Project("{2150E333-8FDC-42A3-9474-1A3956D46DE8}") = "source", "source", "{1C820277-D977-47B6-BBB5-B578081EF90D}"
EndProject
Project("{2150E333-8FDC-42A3-9474-1A3956D46DE8}") = "tests", "tests", "{F3E9999C-BAC9-465C-9080-85B28A99A28D}"
EndProject
Project("{9A19103F-16F7-4668-BE54-9A1E7A4F7556}") = "NumberGeneratorWorkerService", "source\NumberGeneratorWorkerService\NumberGeneratorWorkerService.csproj", "{F7D86A73-3E59-4370-9C77-247CC0923174}"
EndProject
Project("{FAE04EC0-301F-11D3-BF4B-00C04F79EFBC}") = "NumbersChangeFeedProcessor", "source\NumbersChangeFeedProcessor\NumbersChangeFeedProcessor.csproj", "{B4587383-044C-4D46-BF2F-CCAB7A3405C2}"
EndProject
Global
	GlobalSection(SolutionConfigurationPlatforms) = preSolution
		Debug|Any CPU = Debug|Any CPU
		Release|Any CPU = Release|Any CPU
	EndGlobalSection
	GlobalSection(ProjectConfigurationPlatforms) = postSolution
		{F7D86A73-3E59-4370-9C77-247CC0923174}.Debug|Any CPU.ActiveCfg = Debug|Any CPU
		{F7D86A73-3E59-4370-9C77-247CC0923174}.Debug|Any CPU.Build.0 = Debug|Any CPU
		{F7D86A73-3E59-4370-9C77-247CC0923174}.Release|Any CPU.ActiveCfg = Release|Any CPU
		{F7D86A73-3E59-4370-9C77-247CC0923174}.Release|Any CPU.Build.0 = Release|Any CPU
		{B4587383-044C-4D46-BF2F-CCAB7A3405C2}.Debug|Any CPU.ActiveCfg = Debug|Any CPU
		{B4587383-044C-4D46-BF2F-CCAB7A3405C2}.Debug|Any CPU.Build.0 = Debug|Any CPU
		{B4587383-044C-4D46-BF2F-CCAB7A3405C2}.Release|Any CPU.ActiveCfg = Release|Any CPU
		{B4587383-044C-4D46-BF2F-CCAB7A3405C2}.Release|Any CPU.Build.0 = Release|Any CPU
	EndGlobalSection
	GlobalSection(SolutionProperties) = preSolution
		HideSolutionNode = FALSE
	EndGlobalSection
	GlobalSection(NestedProjects) = preSolution
		{F7D86A73-3E59-4370-9C77-247CC0923174} = {1C820277-D977-47B6-BBB5-B578081EF90D}
		{B4587383-044C-4D46-BF2F-CCAB7A3405C2} = {1C820277-D977-47B6-BBB5-B578081EF90D}
	EndGlobalSection
	GlobalSection(ExtensibilityGlobals) = postSolution
		SolutionGuid = {D7304314-5907-43A8-8CC0-5CFB6BFA7715}
	EndGlobalSection
EndGlobal
